
Microsoft Visual Studio Solution File, Format Version 12.00
# Visual Studio Version 16
VisualStudioVersion = 16.0.30709.64
MinimumVisualStudioVersion = 10.0.40219.1
Project("{FAE04EC0-301F-11D3-BF4B-00C04F79EFBC}") = "WpfHome8", "WpfHome8\WpfHome8.csproj", "{8919BF49-9189-4D8F-9DE5-20EF77A026B2}"
EndProject
Global
	GlobalSection(SolutionConfigurationPlatforms) = preSolution
		Debug|Any CPU = Debug|Any CPU
		Release|Any CPU = Release|Any CPU
	EndGlobalSection
	GlobalSection(ProjectConfigurationPlatforms) = postSolution
		{8919BF49-9189-4D8F-9DE5-20EF77A026B2}.Debug|Any CPU.ActiveCfg = Debug|Any CPU
		{8919BF49-9189-4D8F-9DE5-20EF77A026B2}.Debug|Any CPU.Build.0 = Debug|Any CPU
		{8919BF49-9189-4D8F-9DE5-20EF77A026B2}.Release|Any CPU.ActiveCfg = Release|Any CPU
		{8919BF49-9189-4D8F-9DE5-20EF77A026B2}.Release|Any CPU.Build.0 = Release|Any CPU
	EndGlobalSection
	GlobalSection(SolutionProperties) = preSolution
		HideSolutionNode = FALSE
	EndGlobalSection
	GlobalSection(ExtensibilityGlobals) = postSolution
		SolutionGuid = {34CC6746-55FE-400F-8717-15714ACAFB16}
	EndGlobalSection
EndGlobal
